{
  "name": "turntable",
  "lockfileVersion": 3,
  "requires": true,
  "packages": {
    "": {
      "devDependencies": {
        "@react-native/typescript-config": "^0.81.0"
      }
    },
    "node_modules/@react-native/typescript-config": {
      "version": "0.81.0",
      "resolved": "https://registry.npmjs.org/@react-native/typescript-config/-/typescript-config-0.81.0.tgz",
      "integrity": "sha512-BnmmXHafGitDBD5naQF1wwaJ2LY1CLMABs009tVTF4ZOPK9/IrGdoNjuiI+tjHAeug6S68MlSNyVxknZ2JBIvw==",
      "dev": true,
      "license": "MIT"
    }
  }
}
